
Microsoft Visual Studio Solution File, Format Version 12.00
# Visual Studio Version 16
VisualStudioVersion = 16.0.31624.102
MinimumVisualStudioVersion = 10.0.40219.1
Project("{9A19103F-16F7-4668-BE54-9A1E7A4F7556}") = "MoviesWebAPI", "MoviesWebAPI\MoviesWebAPI.csproj", "{94FAB4C5-F637-4EC7-BD8D-1E9ED1751D56}"
EndProject
Project("{FAE04EC0-301F-11D3-BF4B-00C04F79EFBC}") = "MoviesWebAPI.Data", "MoviesWebAPI.Data\MoviesWebAPI.Data.csproj", "{18C44485-9DA6-4FB7-9C72-3EB4091A9F40}"
EndProject
Project("{FAE04EC0-301F-11D3-BF4B-00C04F79EFBC}") = "MoviesWebAPI.Logic", "MoviesWebAPI.Logic\MoviesWebAPI.Logic.csproj", "{6826862F-1968-4053-BAEB-3D909A0181EA}"
EndProject
Project("{FAE04EC0-301F-11D3-BF4B-00C04F79EFBC}") = "MoviesWebAPI.Common", "MoviesWebAPI.Common\MoviesWebAPI.Common.csproj", "{8B73A4F3-A812-4584-9C23-C44A90DF6559}"
EndProject
Global
	GlobalSection(SolutionConfigurationPlatforms) = preSolution
		Debug|Any CPU = Debug|Any CPU
		Release|Any CPU = Release|Any CPU
	EndGlobalSection
	GlobalSection(ProjectConfigurationPlatforms) = postSolution
		{94FAB4C5-F637-4EC7-BD8D-1E9ED1751D56}.Debug|Any CPU.ActiveCfg = Debug|Any CPU
		{94FAB4C5-F637-4EC7-BD8D-1E9ED1751D56}.Debug|Any CPU.Build.0 = Debug|Any CPU
		{94FAB4C5-F637-4EC7-BD8D-1E9ED1751D56}.Release|Any CPU.ActiveCfg = Release|Any CPU
		{94FAB4C5-F637-4EC7-BD8D-1E9ED1751D56}.Release|Any CPU.Build.0 = Release|Any CPU
		{18C44485-9DA6-4FB7-9C72-3EB4091A9F40}.Debug|Any CPU.ActiveCfg = Debug|Any CPU
		{18C44485-9DA6-4FB7-9C72-3EB4091A9F40}.Debug|Any CPU.Build.0 = Debug|Any CPU
		{18C44485-9DA6-4FB7-9C72-3EB4091A9F40}.Release|Any CPU.ActiveCfg = Release|Any CPU
		{18C44485-9DA6-4FB7-9C72-3EB4091A9F40}.Release|Any CPU.Build.0 = Release|Any CPU
		{6826862F-1968-4053-BAEB-3D909A0181EA}.Debug|Any CPU.ActiveCfg = Debug|Any CPU
		{6826862F-1968-4053-BAEB-3D909A0181EA}.Debug|Any CPU.Build.0 = Debug|Any CPU
		{6826862F-1968-4053-BAEB-3D909A0181EA}.Release|Any CPU.ActiveCfg = Release|Any CPU
		{6826862F-1968-4053-BAEB-3D909A0181EA}.Release|Any CPU.Build.0 = Release|Any CPU
		{8B73A4F3-A812-4584-9C23-C44A90DF6559}.Debug|Any CPU.ActiveCfg = Debug|Any CPU
		{8B73A4F3-A812-4584-9C23-C44A90DF6559}.Debug|Any CPU.Build.0 = Debug|Any CPU
		{8B73A4F3-A812-4584-9C23-C44A90DF6559}.Release|Any CPU.ActiveCfg = Release|Any CPU
		{8B73A4F3-A812-4584-9C23-C44A90DF6559}.Release|Any CPU.Build.0 = Release|Any CPU
	EndGlobalSection
	GlobalSection(SolutionProperties) = preSolution
		HideSolutionNode = FALSE
	EndGlobalSection
	GlobalSection(ExtensibilityGlobals) = postSolution
		SolutionGuid = {766446A4-F295-46AD-AB4B-BB4E85572921}
	EndGlobalSection
EndGlobal
